// !$*UTF8*$!
{
	archiveVersion = 1;
	classes = {
	};
	objectVersion = 56;
	objects = {

/* Begin PBXBuildFile section */
		F12D59372B875A63003897AF /* .gitignore.xib in Resources */ = {isa = PBXBuildFile; fileRef = F12D59362B875A63003897AF /* .gitignore.xib */; };
		F13261B12B79E6AD00971FDC /* EnglityWordsApp.swift in Sources */ = {isa = PBXBuildFile; fileRef = F13261B02B79E6AD00971FDC /* EnglityWordsApp.swift */; };
		F13261B32B79E6AD00971FDC /* ContentView.swift in Sources */ = {isa = PBXBuildFile; fileRef = F13261B22B79E6AD00971FDC /* ContentView.swift */; };
		F13261B52B79E6AE00971FDC /* Assets.xcassets in Resources */ = {isa = PBXBuildFile; fileRef = F13261B42B79E6AE00971FDC /* Assets.xcassets */; };
		F13261B82B79E6AE00971FDC /* Preview Assets.xcassets in Resources */ = {isa = PBXBuildFile; fileRef = F13261B72B79E6AE00971FDC /* Preview Assets.xcassets */; };
		F13261C12B817E0400971FDC /* WordsList.swift in Sources */ = {isa = PBXBuildFile; fileRef = F13261C02B817E0400971FDC /* WordsList.swift */; };
		F13261C32B817F5300971FDC /* WordsViewModel.swift in Sources */ = {isa = PBXBuildFile; fileRef = F13261C22B817F5300971FDC /* WordsViewModel.swift */; };
		F13261C52B81861000971FDC /* Karuta.swift in Sources */ = {isa = PBXBuildFile; fileRef = F13261C42B81861000971FDC /* Karuta.swift */; };
		F1F2E4B82B9EE6E3008C3285 /* ProfileView.swift in Sources */ = {isa = PBXBuildFile; fileRef = F1F2E4B72B9EE6E3008C3285 /* ProfileView.swift */; };
		F1F2E4BA2B9F2DF5008C3285 /* EditProfile.swift in Sources */ = {isa = PBXBuildFile; fileRef = F1F2E4B92B9F2DF5008C3285 /* EditProfile.swift */; };
		F1F2E4BE2B9F3754008C3285 /* TabBarView.swift in Sources */ = {isa = PBXBuildFile; fileRef = F1F2E4BD2B9F3754008C3285 /* TabBarView.swift */; };
/* End PBXBuildFile section */

/* Begin PBXFileReference section */
		F12D59362B875A63003897AF /* .gitignore.xib */ = {isa = PBXFileReference; lastKnownFileType = file.xib; path = .gitignore.xib; sourceTree = "<group>"; };
		F13261AD2B79E6AD00971FDC /* EnglityWords.app */ = {isa = PBXFileReference; explicitFileType = wrapper.application; includeInIndex = 0; path = EnglityWords.app; sourceTree = BUILT_PRODUCTS_DIR; };
		F13261B02B79E6AD00971FDC /* EnglityWordsApp.swift */ = {isa = PBXFileReference; lastKnownFileType = sourcecode.swift; path = EnglityWordsApp.swift; sourceTree = "<group>"; };
		F13261B22B79E6AD00971FDC /* ContentView.swift */ = {isa = PBXFileReference; lastKnownFileType = sourcecode.swift; path = ContentView.swift; sourceTree = "<group>"; };
		F13261B42B79E6AE00971FDC /* Assets.xcassets */ = {isa = PBXFileReference; lastKnownFileType = folder.assetcatalog; path = Assets.xcassets; sourceTree = "<group>"; };
		F13261B72B79E6AE00971FDC /* Preview Assets.xcassets */ = {isa = PBXFileReference; lastKnownFileType = folder.assetcatalog; path = "Preview Assets.xcassets"; sourceTree = "<group>"; };
		F13261C02B817E0400971FDC /* WordsList.swift */ = {isa = PBXFileReference; lastKnownFileType = sourcecode.swift; path = WordsList.swift; sourceTree = "<group>"; };
		F13261C22B817F5300971FDC /* WordsViewModel.swift */ = {isa = PBXFileReference; lastKnownFileType = sourcecode.swift; path = WordsViewModel.swift; sourceTree = "<group>"; };
		F13261C42B81861000971FDC /* Karuta.swift */ = {isa = PBXFileReference; lastKnownFileType = sourcecode.swift; path = Karuta.swift; sourceTree = "<group>"; };
		F1F2E4B72B9EE6E3008C3285 /* ProfileView.swift */ = {isa = PBXFileReference; lastKnownFileType = sourcecode.swift; path = ProfileView.swift; sourceTree = "<group>"; };
		F1F2E4B92B9F2DF5008C3285 /* EditProfile.swift */ = {isa = PBXFileReference; lastKnownFileType = sourcecode.swift; path = EditProfile.swift; sourceTree = "<group>"; };
		F1F2E4BD2B9F3754008C3285 /* TabBarView.swift */ = {isa = PBXFileReference; lastKnownFileType = sourcecode.swift; path = TabBarView.swift; sourceTree = "<group>"; };
/* End PBXFileReference section */

/* Begin PBXFrameworksBuildPhase section */
		F13261AA2B79E6AD00971FDC /* Frameworks */ = {
			isa = PBXFrameworksBuildPhase;
			buildActionMask = 2147483647;
			files = (
			);
			runOnlyForDeploymentPostprocessing = 0;
		};
/* End PBXFrameworksBuildPhase section */

/* Begin PBXGroup section */
		F13261A42B79E6AD00971FDC = {
			isa = PBXGroup;
			children = (
				F12D59362B875A63003897AF /* .gitignore.xib */,
				F13261AF2B79E6AD00971FDC /* EnglityWords */,
				F13261AE2B79E6AD00971FDC /* Products */,
			);
			sourceTree = "<group>";
		};
		F13261AE2B79E6AD00971FDC /* Products */ = {
			isa = PBXGroup;
			children = (
				F13261AD2B79E6AD00971FDC /* EnglityWords.app */,
			);
			name = Products;
			sourceTree = "<group>";
		};
		F13261AF2B79E6AD00971FDC /* EnglityWords */ = {
			isa = PBXGroup;
			children = (
				F13261B02B79E6AD00971FDC /* EnglityWordsApp.swift */,
				F13261C02B817E0400971FDC /* WordsList.swift */,
				F13261C22B817F5300971FDC /* WordsViewModel.swift */,
				F13261C42B81861000971FDC /* Karuta.swift */,
				F13261B22B79E6AD00971FDC /* ContentView.swift */,
				F1F2E4B72B9EE6E3008C3285 /* ProfileView.swift */,
				F1F2E4B92B9F2DF5008C3285 /* EditProfile.swift */,
				F1F2E4BD2B9F3754008C3285 /* TabBarView.swift */,
				F13261B42B79E6AE00971FDC /* Assets.xcassets */,
				F13261B62B79E6AE00971FDC /* Preview Content */,
			);
			path = EnglityWords;
			sourceTree = "<group>";
		};
		F13261B62B79E6AE00971FDC /* Preview Content */ = {
			isa = PBXGroup;
			children = (
				F13261B72B79E6AE00971FDC /* Preview Assets.xcassets */,
			);
			path = "Preview Content";
			sourceTree = "<group>";
		};
/* End PBXGroup section */

/* Begin PBXNativeTarget section */
		F13261AC2B79E6AD00971FDC /* EnglityWords */ = {
			isa = PBXNativeTarget;
			buildConfigurationList = F13261BB2B79E6AE00971FDC /* Build configuration list for PBXNativeTarget "EnglityWords" */;
			buildPhases = (
				F13261A92B79E6AD00971FDC /* Sources */,
				F13261AA2B79E6AD00971FDC /* Frameworks */,
				F13261AB2B79E6AD00971FDC /* Resources */,
			);
			buildRules = (
			);
			dependencies = (
			);
			name = EnglityWords;
			productName = EnglityWords;
			productReference = F13261AD2B79E6AD00971FDC /* EnglityWords.app */;
			productType = "com.apple.product-type.application";
		};
/* End PBXNativeTarget section */

/* Begin PBXProject section */
		F13261A52B79E6AD00971FDC /* Project object */ = {
			isa = PBXProject;
			attributes = {
				BuildIndependentTargetsInParallel = 1;
				LastSwiftUpdateCheck = 1520;
				LastUpgradeCheck = 1520;
				TargetAttributes = {
					F13261AC2B79E6AD00971FDC = {
						CreatedOnToolsVersion = 15.2;
					};
				};
			};
			buildConfigurationList = F13261A82B79E6AD00971FDC /* Build configuration list for PBXProject "EnglityWords" */;
			compatibilityVersion = "Xcode 14.0";
			developmentRegion = en;
			hasScannedForEncodings = 0;
			knownRegions = (
				en,
				Base,
			);
			mainGroup = F13261A42B79E6AD00971FDC;
			productRefGroup = F13261AE2B79E6AD00971FDC /* Products */;
			projectDirPath = "";
			projectRoot = "";
			targets = (
				F13261AC2B79E6AD00971FDC /* EnglityWords */,
			);
		};
/* End PBXProject section */

/* Begin PBXResourcesBuildPhase section */
		F13261AB2B79E6AD00971FDC /* Resources */ = {
			isa = PBXResourcesBuildPhase;
			buildActionMask = 2147483647;
			files = (
				F12D59372B875A63003897AF /* .gitignore.xib in Resources */,
				F13261B82B79E6AE00971FDC /* Preview Assets.xcassets in Resources */,
				F13261B52B79E6AE00971FDC /* Assets.xcassets in Resources */,
			);
			runOnlyForDeploymentPostprocessing = 0;
		};
/* End PBXResourcesBuildPhase section */

/* Begin PBXSourcesBuildPhase section */
		F13261A92B79E6AD00971FDC /* Sources */ = {
			isa = PBXSourcesBuildPhase;
			buildActionMask = 2147483647;
			files = (
				F13261B32B79E6AD00971FDC /* ContentView.swift in Sources */,
				F13261C12B817E0400971FDC /* WordsList.swift in Sources */,
				F1F2E4BE2B9F3754008C3285 /* TabBarView.swift in Sources */,
				F13261C52B81861000971FDC /* Karuta.swift in Sources */,
				F13261C32B817F5300971FDC /* WordsViewModel.swift in Sources */,
				F1F2E4B82B9EE6E3008C3285 /* ProfileView.swift in Sources */,
				F1F2E4BA2B9F2DF5008C3285 /* EditProfile.swift in Sources */,
				F13261B12B79E6AD00971FDC /* EnglityWordsApp.swift in Sources */,
			);
			runOnlyForDeploymentPostprocessing = 0;
		};
/* End PBXSourcesBuildPhase section */

/* Begin XCBuildConfiguration section */
		F13261B92B79E6AE00971FDC /* Debug */ = {
			isa = XCBuildConfiguration;
			buildSettings = {
				ALWAYS_SEARCH_USER_PATHS = NO;
				ASSETCATALOG_COMPILER_GENERATE_SWIFT_ASSET_SYMBOL_EXTENSIONS = YES;
				CLANG_ANALYZER_NONNULL = YES;
				CLANG_ANALYZER_NUMBER_OBJECT_CONVERSION = YES_AGGRESSIVE;
				CLANG_CXX_LANGUAGE_STANDARD = "gnu++20";
				CLANG_ENABLE_MODULES = YES;
				CLANG_ENABLE_OBJC_ARC = YES;
				CLANG_ENABLE_OBJC_WEAK = YES;
				CLANG_WARN_BLOCK_CAPTURE_AUTORELEASING = YES;
				CLANG_WARN_BOOL_CONVERSION = YES;
				CLANG_WARN_COMMA = YES;
				CLANG_WARN_CONSTANT_CONVERSION = YES;
				CLANG_WARN_DEPRECATED_OBJC_IMPLEMENTATIONS = YES;
				CLANG_WARN_DIRECT_OBJC_ISA_USAGE = YES_ERROR;
				CLANG_WARN_DOCUMENTATION_COMMENTS = YES;
				CLANG_WARN_EMPTY_BODY = YES;
				CLANG_WARN_ENUM_CONVERSION = YES;
				CLANG_WARN_INFINITE_RECURSION = YES;
				CLANG_WARN_INT_CONVERSION = YES;
				CLANG_WARN_NON_LITERAL_NULL_CONVERSION = YES;
				CLANG_WARN_OBJC_IMPLICIT_RETAIN_SELF = YES;
				CLANG_WARN_OBJC_LITERAL_CONVERSION = YES;
				CLANG_WARN_OBJC_ROOT_CLASS = YES_ERROR;
				CLANG_WARN_QUOTED_INCLUDE_IN_FRAMEWORK_HEADER = YES;
				CLANG_WARN_RANGE_LOOP_ANALYSIS = YES;
				CLANG_WARN_STRICT_PROTOTYPES = YES;
				CLANG_WARN_SUSPICIOUS_MOVE = YES;
				CLANG_WARN_UNGUARDED_AVAILABILITY = YES_AGGRESSIVE;
				CLANG_WARN_UNREACHABLE_CODE = YES;
				CLANG_WARN__DUPLICATE_METHOD_MATCH = YES;
				COPY_PHASE_STRIP = NO;
				DEBUG_INFORMATION_FORMAT = dwarf;
				ENABLE_STRICT_OBJC_MSGSEND = YES;
				ENABLE_TESTABILITY = YES;
				ENABLE_USER_SCRIPT_SANDBOXING = YES;
				GCC_C_LANGUAGE_STANDARD = gnu17;
				GCC_DYNAMIC_NO_PIC = NO;
				GCC_NO_COMMON_BLOCKS = YES;
				GCC_OPTIMIZATION_LEVEL = 0;
				GCC_PREPROCESSOR_DEFINITIONS = (
					"DEBUG=1",
					"$(inherited)",
				);
				GCC_WARN_64_TO_32_BIT_CONVERSION = YES;
				GCC_WARN_ABOUT_RETURN_TYPE = YES_ERROR;
				GCC_WARN_UNDECLARED_SELECTOR = YES;
				GCC_WARN_UNINITIALIZED_AUTOS = YES_AGGRESSIVE;
				GCC_WARN_UNUSED_FUNCTION = YES;
				GCC_WARN_UNUSED_VARIABLE = YES;
				IPHONEOS_DEPLOYMENT_TARGET = 17.2;
				LOCALIZATION_PREFERS_STRING_CATALOGS = YES;
				MTL_ENABLE_DEBUG_INFO = INCLUDE_SOURCE;
				MTL_FAST_MATH = YES;
				ONLY_ACTIVE_ARCH = YES;
				SDKROOT = iphoneos;
				SWIFT_ACTIVE_COMPILATION_CONDITIONS = "DEBUG $(inherited)";
				SWIFT_OPTIMIZATION_LEVEL = "-Onone";
			};
			name = Debug;
		};
		F13261BA2B79E6AE00971FDC /* Release */ = {
			isa = XCBuildConfiguration;
			buildSettings = {
				ALWAYS_SEARCH_USER_PATHS = NO;
				ASSETCATALOG_COMPILER_GENERATE_SWIFT_ASSET_SYMBOL_EXTENSIONS = YES;
				CLANG_ANALYZER_NONNULL = YES;
				CLANG_ANALYZER_NUMBER_OBJECT_CONVERSION = YES_AGGRESSIVE;
				CLANG_CXX_LANGUAGE_STANDARD = "gnu++20";
				CLANG_ENABLE_MODULES = YES;
				CLANG_ENABLE_OBJC_ARC = YES;
				CLANG_ENABLE_OBJC_WEAK = YES;
				CLANG_WARN_BLOCK_CAPTURE_AUTORELEASING = YES;
				CLANG_WARN_BOOL_CONVERSION = YES;
				CLANG_WARN_COMMA = YES;
				CLANG_WARN_CONSTANT_CONVERSION = YES;
				CLANG_WARN_DEPRECATED_OBJC_IMPLEMENTATIONS = YES;
				CLANG_WARN_DIRECT_OBJC_ISA_USAGE = YES_ERROR;
				CLANG_WARN_DOCUMENTATION_COMMENTS = YES;
				CLANG_WARN_EMPTY_BODY = YES;
				CLANG_WARN_ENUM_CONVERSION = YES;
				CLANG_WARN_INFINITE_RECURSION = YES;
				CLANG_WARN_INT_CONVERSION = YES;
				CLANG_WARN_NON_LITERAL_NULL_CONVERSION = YES;
				CLANG_WARN_OBJC_IMPLICIT_RETAIN_SELF = YES;
				CLANG_WARN_OBJC_LITERAL_CONVERSION = YES;
				CLANG_WARN_OBJC_ROOT_CLASS = YES_ERROR;
				CLANG_WARN_QUOTED_INCLUDE_IN_FRAMEWORK_HEADER = YES;
				CLANG_WARN_RANGE_LOOP_ANALYSIS = YES;
				CLANG_WARN_STRICT_PROTOTYPES = YES;
				CLANG_WARN_SUSPICIOUS_MOVE = YES;
				CLANG_WARN_UNGUARDED_AVAILABILITY = YES_AGGRESSIVE;
				CLANG_WARN_UNREACHABLE_CODE = YES;
				CLANG_WARN__DUPLICATE_METHOD_MATCH = YES;
				COPY_PHASE_STRIP = NO;
				DEBUG_INFORMATION_FORMAT = "dwarf-with-dsym";
				ENABLE_NS_ASSERTIONS = NO;
				ENABLE_STRICT_OBJC_MSGSEND = YES;
				ENABLE_USER_SCRIPT_SANDBOXING = YES;
				GCC_C_LANGUAGE_STANDARD = gnu17;
				GCC_NO_COMMON_BLOCKS = YES;
				GCC_WARN_64_TO_32_BIT_CONVERSION = YES;
				GCC_WARN_ABOUT_RETURN_TYPE = YES_ERROR;
				GCC_WARN_UNDECLARED_SELECTOR = YES;
				GCC_WARN_UNINITIALIZED_AUTOS = YES_AGGRESSIVE;
				GCC_WARN_UNUSED_FUNCTION = YES;
				GCC_WARN_UNUSED_VARIABLE = YES;
				IPHONEOS_DEPLOYMENT_TARGET = 17.2;
				LOCALIZATION_PREFERS_STRING_CATALOGS = YES;
				MTL_ENABLE_DEBUG_INFO = NO;
				MTL_FAST_MATH = YES;
				SDKROOT = iphoneos;
				SWIFT_COMPILATION_MODE = wholemodule;
				VALIDATE_PRODUCT = YES;
			};
			name = Release;
		};
		F13261BC2B79E6AE00971FDC /* Debug */ = {
			isa = XCBuildConfiguration;
			buildSettings = {
				ASSETCATALOG_COMPILER_APPICON_NAME = AppIcon;
				ASSETCATALOG_COMPILER_GLOBAL_ACCENT_COLOR_NAME = AccentColor;
				CODE_SIGN_STYLE = Automatic;
				CURRENT_PROJECT_VERSION = 1;
				DEVELOPMENT_ASSET_PATHS = "\"EnglityWords/Preview Content\"";
				DEVELOPMENT_TEAM = 4H4L88SLD8;
				ENABLE_PREVIEWS = YES;
				GENERATE_INFOPLIST_FILE = YES;
				INFOPLIST_KEY_UIApplicationSceneManifest_Generation = YES;
				INFOPLIST_KEY_UIApplicationSupportsIndirectInputEvents = YES;
				INFOPLIST_KEY_UILaunchScreen_Generation = YES;
				INFOPLIST_KEY_UISupportedInterfaceOrientations_iPad = "UIInterfaceOrientationPortrait UIInterfaceOrientationPortraitUpsideDown UIInterfaceOrientationLandscapeLeft UIInterfaceOrientationLandscapeRight";
				INFOPLIST_KEY_UISupportedInterfaceOrientations_iPhone = "UIInterfaceOrientationPortrait UIInterfaceOrientationLandscapeLeft UIInterfaceOrientationLandscapeRight";
				LD_RUNPATH_SEARCH_PATHS = (
					"$(inherited)",
					"@executable_path/Frameworks",
				);
				MARKETING_VERSION = 1.0;
				PRODUCT_BUNDLE_IDENTIFIER = com.rensakai.EnglityWords;
				PRODUCT_NAME = "$(TARGET_NAME)";
				SWIFT_EMIT_LOC_STRINGS = YES;
				SWIFT_VERSION = 5.0;
				TARGETED_DEVICE_FAMILY = "1,2";
			};
			name = Debug;
		};
		F13261BD2B79E6AE00971FDC /* Release */ = {
			isa = XCBuildConfiguration;
			buildSettings = {
				ASSETCATALOG_COMPILER_APPICON_NAME = AppIcon;
				ASSETCATALOG_COMPILER_GLOBAL_ACCENT_COLOR_NAME = AccentColor;
				CODE_SIGN_STYLE = Automatic;
				CURRENT_PROJECT_VERSION = 1;
				DEVELOPMENT_ASSET_PATHS = "\"EnglityWords/Preview Content\"";
				DEVELOPMENT_TEAM = 4H4L88SLD8;
				ENABLE_PREVIEWS = YES;
				GENERATE_INFOPLIST_FILE = YES;
				INFOPLIST_KEY_UIApplicationSceneManifest_Generation = YES;
				INFOPLIST_KEY_UIApplicationSupportsIndirectInputEvents = YES;
				INFOPLIST_KEY_UILaunchScreen_Generation = YES;
				INFOPLIST_KEY_UISupportedInterfaceOrientations_iPad = "UIInterfaceOrientationPortrait UIInterfaceOrientationPortraitUpsideDown UIInterfaceOrientationLandscapeLeft UIInterfaceOrientationLandscapeRight";
				INFOPLIST_KEY_UISupportedInterfaceOrientations_iPhone = "UIInterfaceOrientationPortrait UIInterfaceOrientationLandscapeLeft UIInterfaceOrientationLandscapeRight";
				LD_RUNPATH_SEARCH_PATHS = (
					"$(inherited)",
					"@executable_path/Frameworks",
				);
				MARKETING_VERSION = 1.0;
				PRODUCT_BUNDLE_IDENTIFIER = com.rensakai.EnglityWords;
				PRODUCT_NAME = "$(TARGET_NAME)";
				SWIFT_EMIT_LOC_STRINGS = YES;
				SWIFT_VERSION = 5.0;
				TARGETED_DEVICE_FAMILY = "1,2";
			};
			name = Release;
		};
/* End XCBuildConfiguration section */

/* Begin XCConfigurationList section */
		F13261A82B79E6AD00971FDC /* Build configuration list for PBXProject "EnglityWords" */ = {
			isa = XCConfigurationList;
			buildConfigurations = (
				F13261B92B79E6AE00971FDC /* Debug */,
				F13261BA2B79E6AE00971FDC /* Release */,
			);
			defaultConfigurationIsVisible = 0;
			defaultConfigurationName = Release;
		};
		F13261BB2B79E6AE00971FDC /* Build configuration list for PBXNativeTarget "EnglityWords" */ = {
			isa = XCConfigurationList;
			buildConfigurations = (
				F13261BC2B79E6AE00971FDC /* Debug */,
				F13261BD2B79E6AE00971FDC /* Release */,
			);
			defaultConfigurationIsVisible = 0;
			defaultConfigurationName = Release;
		};
/* End XCConfigurationList section */
	};
	rootObject = F13261A52B79E6AD00971FDC /* Project object */;
}
